
Microsoft Visual Studio Solution File, Format Version 12.00
# Visual Studio Version 17
VisualStudioVersion = 17.13.35931.197
MinimumVisualStudioVersion = 10.0.40219.1
Project("{FAE04EC0-301F-11D3-BF4B-00C04F79EFBC}") = "LinkedList", "DataStructures\LinkedList.csproj", "{66956C82-8D45-4CC1-A3FA-53FC6CD64058}"
EndProject
Project("{2150E333-8FDC-42A3-9474-1A3956D46DE8}") = "LinearStructures", "LinearStructures", "{36D591C7-65C7-A0D1-1CBC-10CDE441BDC8}"
EndProject
Project("{FAE04EC0-301F-11D3-BF4B-00C04F79EFBC}") = "Stack", "Stack\Stack.csproj", "{50B60814-17EE-46A7-98B9-0C34ABF9ECAF}"
EndProject
Global
	GlobalSection(SolutionConfigurationPlatforms) = preSolution
		Debug|Any CPU = Debug|Any CPU
		Release|Any CPU = Release|Any CPU
	EndGlobalSection
	GlobalSection(ProjectConfigurationPlatforms) = postSolution
		{66956C82-8D45-4CC1-A3FA-53FC6CD64058}.Debug|Any CPU.ActiveCfg = Debug|Any CPU
		{66956C82-8D45-4CC1-A3FA-53FC6CD64058}.Debug|Any CPU.Build.0 = Debug|Any CPU
		{66956C82-8D45-4CC1-A3FA-53FC6CD64058}.Release|Any CPU.ActiveCfg = Release|Any CPU
		{66956C82-8D45-4CC1-A3FA-53FC6CD64058}.Release|Any CPU.Build.0 = Release|Any CPU
		{50B60814-17EE-46A7-98B9-0C34ABF9ECAF}.Debug|Any CPU.ActiveCfg = Debug|Any CPU
		{50B60814-17EE-46A7-98B9-0C34ABF9ECAF}.Debug|Any CPU.Build.0 = Debug|Any CPU
		{50B60814-17EE-46A7-98B9-0C34ABF9ECAF}.Release|Any CPU.ActiveCfg = Release|Any CPU
		{50B60814-17EE-46A7-98B9-0C34ABF9ECAF}.Release|Any CPU.Build.0 = Release|Any CPU
	EndGlobalSection
	GlobalSection(SolutionProperties) = preSolution
		HideSolutionNode = FALSE
	EndGlobalSection
	GlobalSection(NestedProjects) = preSolution
		{66956C82-8D45-4CC1-A3FA-53FC6CD64058} = {36D591C7-65C7-A0D1-1CBC-10CDE441BDC8}
		{50B60814-17EE-46A7-98B9-0C34ABF9ECAF} = {36D591C7-65C7-A0D1-1CBC-10CDE441BDC8}
	EndGlobalSection
	GlobalSection(ExtensibilityGlobals) = postSolution
		SolutionGuid = {5A512C77-FEA7-492B-9D15-52E88AD20230}
	EndGlobalSection
EndGlobal
