
Microsoft Visual Studio Solution File, Format Version 12.00
# Visual Studio Version 17
VisualStudioVersion = 17.13.35931.197
MinimumVisualStudioVersion = 10.0.40219.1
Project("{2150E333-8FDC-42A3-9474-1A3956D46DE8}") = "LinearStructures", "LinearStructures", "{36D591C7-65C7-A0D1-1CBC-10CDE441BDC8}"
EndProject
Project("{FAE04EC0-301F-11D3-BF4B-00C04F79EFBC}") = "Stack", "Stack\Stack.csproj", "{50B60814-17EE-46A7-98B9-0C34ABF9ECAF}"
EndProject
Project("{FAE04EC0-301F-11D3-BF4B-00C04F79EFBC}") = "LinkedList", "LinkedList\LinkedList.csproj", "{1A117674-084A-7080-139F-8CBDA402C3C5}"
EndProject
Project("{2150E333-8FDC-42A3-9474-1A3956D46DE8}") = "Search", "Search", "{DD39032E-48B7-454D-9DE0-F0507DA5FBFC}"
EndProject
Project("{FAE04EC0-301F-11D3-BF4B-00C04F79EFBC}") = "Search", "Search\Search.csproj", "{93FCD28F-55CE-4BE2-AF30-23759F9F884D}"
EndProject
Project("{2150E333-8FDC-42A3-9474-1A3956D46DE8}") = "Sort", "Sort", "{F863E3B0-77B2-4237-9CBA-14EC1EC603F7}"
EndProject
Project("{FAE04EC0-301F-11D3-BF4B-00C04F79EFBC}") = "Sort", "Sort\Sort.csproj", "{947DF33A-7D43-446C-A393-635E0840DD44}"
EndProject
Project("{2150E333-8FDC-42A3-9474-1A3956D46DE8}") = "Graphs", "Graphs", "{78E25A81-0A73-47D7-AAC6-918D20AF2D91}"
EndProject
Project("{FAE04EC0-301F-11D3-BF4B-00C04F79EFBC}") = "Graphs", "Graphs\Graphs.csproj", "{03789941-5C5B-4036-98E3-F7CBBAA878A6}"
EndProject
Project("{2150E333-8FDC-42A3-9474-1A3956D46DE8}") = "Trees", "Trees", "{076E404A-2EC3-49E6-994D-FFD03AE4F6E4}"
EndProject
Project("{FAE04EC0-301F-11D3-BF4B-00C04F79EFBC}") = "Tree", "Tree\Tree.csproj", "{5203A841-ECA5-4B2A-A878-179059E8EDF4}"
EndProject
Global
	GlobalSection(SolutionConfigurationPlatforms) = preSolution
		Debug|Any CPU = Debug|Any CPU
		Release|Any CPU = Release|Any CPU
	EndGlobalSection
	GlobalSection(ProjectConfigurationPlatforms) = postSolution
		{50B60814-17EE-46A7-98B9-0C34ABF9ECAF}.Debug|Any CPU.ActiveCfg = Debug|Any CPU
		{50B60814-17EE-46A7-98B9-0C34ABF9ECAF}.Debug|Any CPU.Build.0 = Debug|Any CPU
		{50B60814-17EE-46A7-98B9-0C34ABF9ECAF}.Release|Any CPU.ActiveCfg = Release|Any CPU
		{50B60814-17EE-46A7-98B9-0C34ABF9ECAF}.Release|Any CPU.Build.0 = Release|Any CPU
		{1A117674-084A-7080-139F-8CBDA402C3C5}.Debug|Any CPU.ActiveCfg = Debug|Any CPU
		{1A117674-084A-7080-139F-8CBDA402C3C5}.Debug|Any CPU.Build.0 = Debug|Any CPU
		{1A117674-084A-7080-139F-8CBDA402C3C5}.Release|Any CPU.ActiveCfg = Release|Any CPU
		{1A117674-084A-7080-139F-8CBDA402C3C5}.Release|Any CPU.Build.0 = Release|Any CPU
		{93FCD28F-55CE-4BE2-AF30-23759F9F884D}.Debug|Any CPU.ActiveCfg = Debug|Any CPU
		{93FCD28F-55CE-4BE2-AF30-23759F9F884D}.Debug|Any CPU.Build.0 = Debug|Any CPU
		{93FCD28F-55CE-4BE2-AF30-23759F9F884D}.Release|Any CPU.ActiveCfg = Release|Any CPU
		{93FCD28F-55CE-4BE2-AF30-23759F9F884D}.Release|Any CPU.Build.0 = Release|Any CPU
		{947DF33A-7D43-446C-A393-635E0840DD44}.Debug|Any CPU.ActiveCfg = Debug|Any CPU
		{947DF33A-7D43-446C-A393-635E0840DD44}.Debug|Any CPU.Build.0 = Debug|Any CPU
		{947DF33A-7D43-446C-A393-635E0840DD44}.Release|Any CPU.ActiveCfg = Release|Any CPU
		{947DF33A-7D43-446C-A393-635E0840DD44}.Release|Any CPU.Build.0 = Release|Any CPU
		{03789941-5C5B-4036-98E3-F7CBBAA878A6}.Debug|Any CPU.ActiveCfg = Debug|Any CPU
		{03789941-5C5B-4036-98E3-F7CBBAA878A6}.Debug|Any CPU.Build.0 = Debug|Any CPU
		{03789941-5C5B-4036-98E3-F7CBBAA878A6}.Release|Any CPU.ActiveCfg = Release|Any CPU
		{03789941-5C5B-4036-98E3-F7CBBAA878A6}.Release|Any CPU.Build.0 = Release|Any CPU
		{5203A841-ECA5-4B2A-A878-179059E8EDF4}.Debug|Any CPU.ActiveCfg = Debug|Any CPU
		{5203A841-ECA5-4B2A-A878-179059E8EDF4}.Debug|Any CPU.Build.0 = Debug|Any CPU
		{5203A841-ECA5-4B2A-A878-179059E8EDF4}.Release|Any CPU.ActiveCfg = Release|Any CPU
		{5203A841-ECA5-4B2A-A878-179059E8EDF4}.Release|Any CPU.Build.0 = Release|Any CPU
	EndGlobalSection
	GlobalSection(SolutionProperties) = preSolution
		HideSolutionNode = FALSE
	EndGlobalSection
	GlobalSection(NestedProjects) = preSolution
		{50B60814-17EE-46A7-98B9-0C34ABF9ECAF} = {36D591C7-65C7-A0D1-1CBC-10CDE441BDC8}
		{1A117674-084A-7080-139F-8CBDA402C3C5} = {36D591C7-65C7-A0D1-1CBC-10CDE441BDC8}
		{93FCD28F-55CE-4BE2-AF30-23759F9F884D} = {DD39032E-48B7-454D-9DE0-F0507DA5FBFC}
		{947DF33A-7D43-446C-A393-635E0840DD44} = {F863E3B0-77B2-4237-9CBA-14EC1EC603F7}
		{03789941-5C5B-4036-98E3-F7CBBAA878A6} = {78E25A81-0A73-47D7-AAC6-918D20AF2D91}
		{5203A841-ECA5-4B2A-A878-179059E8EDF4} = {076E404A-2EC3-49E6-994D-FFD03AE4F6E4}
	EndGlobalSection
	GlobalSection(ExtensibilityGlobals) = postSolution
		SolutionGuid = {5A512C77-FEA7-492B-9D15-52E88AD20230}
	EndGlobalSection
EndGlobal
