
Microsoft Visual Studio Solution File, Format Version 12.00
# Visual Studio Version 17
VisualStudioVersion = 17.13.35931.197
MinimumVisualStudioVersion = 10.0.40219.1
Project("{2150E333-8FDC-42A3-9474-1A3956D46DE8}") = "01 DataStructuresAndAlgorytms", "01 DataStructuresAndAlgorytms", "{36D591C7-65C7-A0D1-1CBC-10CDE441BDC8}"
EndProject
Project("{9A19103F-16F7-4668-BE54-9A1E7A4F7556}") = "Stack", "Stack\Stack.csproj", "{50B60814-17EE-46A7-98B9-0C34ABF9ECAF}"
EndProject
Project("{9A19103F-16F7-4668-BE54-9A1E7A4F7556}") = "LinkedList", "LinkedList\LinkedList.csproj", "{1A117674-084A-7080-139F-8CBDA402C3C5}"
EndProject
Project("{9A19103F-16F7-4668-BE54-9A1E7A4F7556}") = "Search", "Search\Search.csproj", "{93FCD28F-55CE-4BE2-AF30-23759F9F884D}"
EndProject
Project("{9A19103F-16F7-4668-BE54-9A1E7A4F7556}") = "Sort", "Sort\Sort.csproj", "{947DF33A-7D43-446C-A393-635E0840DD44}"
EndProject
Project("{9A19103F-16F7-4668-BE54-9A1E7A4F7556}") = "Graphs", "Graphs\Graphs.csproj", "{03789941-5C5B-4036-98E3-F7CBBAA878A6}"
EndProject
Project("{9A19103F-16F7-4668-BE54-9A1E7A4F7556}") = "Tree", "Tree\Tree.csproj", "{5203A841-ECA5-4B2A-A878-179059E8EDF4}"
EndProject
Project("{2150E333-8FDC-42A3-9474-1A3956D46DE8}") = "02 OOP", "02 OOP", "{637C84E2-F43C-401F-8F05-A81D30B6462B}"
EndProject
Project("{9A19103F-16F7-4668-BE54-9A1E7A4F7556}") = "02.01.Рolymorphism", "02.01.Рolymorphism\02.01.Рolymorphism.csproj", "{B0F44F37-3748-D677-2DA7-C6003D9F6D1C}"
EndProject
Project("{FAE04EC0-301F-11D3-BF4B-00C04F79EFBC}") = "02.02.Interfaces", "02.02.Interfaces\02.02.Interfaces.csproj", "{4BE5470C-78C8-492A-B672-909B4AF4FD20}"
EndProject
Project("{FAE04EC0-301F-11D3-BF4B-00C04F79EFBC}") = "02.03.OperatorOverloads", "02.03.OperatorOverloads\02.03.OperatorOverloads.csproj", "{F2A22B47-BDB8-44F0-BA59-D0B4F05371F4}"
EndProject
Project("{FAE04EC0-301F-11D3-BF4B-00C04F79EFBC}") = "02.04_Delegates", "02.04_Delegates\02.04_Delegates.csproj", "{33468F15-9892-4A41-83FC-2ED2C53C5756}"
EndProject
Project("{FAE04EC0-301F-11D3-BF4B-00C04F79EFBC}") = "02.05_Events", "02.05_Events\02.05_Events.csproj", "{8025295E-C7B8-4A9A-940C-5D5E503F0988}"
EndProject
Project("{FAE04EC0-301F-11D3-BF4B-00C04F79EFBC}") = "02.05_EventsWPF", "02.05_EventsWPF\02.05_EventsWPF.csproj", "{5482853D-4CCA-483A-946B-BF1A0A34DB9D}"
EndProject
Project("{2150E333-8FDC-42A3-9474-1A3956D46DE8}") = "Patterns", "Patterns", "{73EF7618-3469-4209-92B7-664D6DED276E}"
EndProject
Project("{FAE04EC0-301F-11D3-BF4B-00C04F79EFBC}") = "FactoryMethod", "FactoryMethod\FactoryMethod.csproj", "{1469516B-280A-4D83-A006-A14E15543F67}"
EndProject
Global
	GlobalSection(SolutionConfigurationPlatforms) = preSolution
		Debug|Any CPU = Debug|Any CPU
		Release|Any CPU = Release|Any CPU
	EndGlobalSection
	GlobalSection(ProjectConfigurationPlatforms) = postSolution
		{50B60814-17EE-46A7-98B9-0C34ABF9ECAF}.Debug|Any CPU.ActiveCfg = Debug|Any CPU
		{50B60814-17EE-46A7-98B9-0C34ABF9ECAF}.Debug|Any CPU.Build.0 = Debug|Any CPU
		{50B60814-17EE-46A7-98B9-0C34ABF9ECAF}.Release|Any CPU.ActiveCfg = Release|Any CPU
		{50B60814-17EE-46A7-98B9-0C34ABF9ECAF}.Release|Any CPU.Build.0 = Release|Any CPU
		{1A117674-084A-7080-139F-8CBDA402C3C5}.Debug|Any CPU.ActiveCfg = Debug|Any CPU
		{1A117674-084A-7080-139F-8CBDA402C3C5}.Debug|Any CPU.Build.0 = Debug|Any CPU
		{1A117674-084A-7080-139F-8CBDA402C3C5}.Release|Any CPU.ActiveCfg = Release|Any CPU
		{1A117674-084A-7080-139F-8CBDA402C3C5}.Release|Any CPU.Build.0 = Release|Any CPU
		{93FCD28F-55CE-4BE2-AF30-23759F9F884D}.Debug|Any CPU.ActiveCfg = Debug|Any CPU
		{93FCD28F-55CE-4BE2-AF30-23759F9F884D}.Debug|Any CPU.Build.0 = Debug|Any CPU
		{93FCD28F-55CE-4BE2-AF30-23759F9F884D}.Release|Any CPU.ActiveCfg = Release|Any CPU
		{93FCD28F-55CE-4BE2-AF30-23759F9F884D}.Release|Any CPU.Build.0 = Release|Any CPU
		{947DF33A-7D43-446C-A393-635E0840DD44}.Debug|Any CPU.ActiveCfg = Debug|Any CPU
		{947DF33A-7D43-446C-A393-635E0840DD44}.Debug|Any CPU.Build.0 = Debug|Any CPU
		{947DF33A-7D43-446C-A393-635E0840DD44}.Release|Any CPU.ActiveCfg = Release|Any CPU
		{947DF33A-7D43-446C-A393-635E0840DD44}.Release|Any CPU.Build.0 = Release|Any CPU
		{03789941-5C5B-4036-98E3-F7CBBAA878A6}.Debug|Any CPU.ActiveCfg = Debug|Any CPU
		{03789941-5C5B-4036-98E3-F7CBBAA878A6}.Debug|Any CPU.Build.0 = Debug|Any CPU
		{03789941-5C5B-4036-98E3-F7CBBAA878A6}.Release|Any CPU.ActiveCfg = Release|Any CPU
		{03789941-5C5B-4036-98E3-F7CBBAA878A6}.Release|Any CPU.Build.0 = Release|Any CPU
		{5203A841-ECA5-4B2A-A878-179059E8EDF4}.Debug|Any CPU.ActiveCfg = Debug|Any CPU
		{5203A841-ECA5-4B2A-A878-179059E8EDF4}.Debug|Any CPU.Build.0 = Debug|Any CPU
		{5203A841-ECA5-4B2A-A878-179059E8EDF4}.Release|Any CPU.ActiveCfg = Release|Any CPU
		{5203A841-ECA5-4B2A-A878-179059E8EDF4}.Release|Any CPU.Build.0 = Release|Any CPU
		{B0F44F37-3748-D677-2DA7-C6003D9F6D1C}.Debug|Any CPU.ActiveCfg = Debug|Any CPU
		{B0F44F37-3748-D677-2DA7-C6003D9F6D1C}.Debug|Any CPU.Build.0 = Debug|Any CPU
		{B0F44F37-3748-D677-2DA7-C6003D9F6D1C}.Release|Any CPU.ActiveCfg = Release|Any CPU
		{B0F44F37-3748-D677-2DA7-C6003D9F6D1C}.Release|Any CPU.Build.0 = Release|Any CPU
		{4BE5470C-78C8-492A-B672-909B4AF4FD20}.Debug|Any CPU.ActiveCfg = Debug|Any CPU
		{4BE5470C-78C8-492A-B672-909B4AF4FD20}.Debug|Any CPU.Build.0 = Debug|Any CPU
		{4BE5470C-78C8-492A-B672-909B4AF4FD20}.Release|Any CPU.ActiveCfg = Release|Any CPU
		{4BE5470C-78C8-492A-B672-909B4AF4FD20}.Release|Any CPU.Build.0 = Release|Any CPU
		{F2A22B47-BDB8-44F0-BA59-D0B4F05371F4}.Debug|Any CPU.ActiveCfg = Debug|Any CPU
		{F2A22B47-BDB8-44F0-BA59-D0B4F05371F4}.Debug|Any CPU.Build.0 = Debug|Any CPU
		{F2A22B47-BDB8-44F0-BA59-D0B4F05371F4}.Release|Any CPU.ActiveCfg = Release|Any CPU
		{F2A22B47-BDB8-44F0-BA59-D0B4F05371F4}.Release|Any CPU.Build.0 = Release|Any CPU
		{33468F15-9892-4A41-83FC-2ED2C53C5756}.Debug|Any CPU.ActiveCfg = Debug|Any CPU
		{33468F15-9892-4A41-83FC-2ED2C53C5756}.Debug|Any CPU.Build.0 = Debug|Any CPU
		{33468F15-9892-4A41-83FC-2ED2C53C5756}.Release|Any CPU.ActiveCfg = Release|Any CPU
		{33468F15-9892-4A41-83FC-2ED2C53C5756}.Release|Any CPU.Build.0 = Release|Any CPU
		{8025295E-C7B8-4A9A-940C-5D5E503F0988}.Debug|Any CPU.ActiveCfg = Debug|Any CPU
		{8025295E-C7B8-4A9A-940C-5D5E503F0988}.Debug|Any CPU.Build.0 = Debug|Any CPU
		{8025295E-C7B8-4A9A-940C-5D5E503F0988}.Release|Any CPU.ActiveCfg = Release|Any CPU
		{8025295E-C7B8-4A9A-940C-5D5E503F0988}.Release|Any CPU.Build.0 = Release|Any CPU
		{5482853D-4CCA-483A-946B-BF1A0A34DB9D}.Debug|Any CPU.ActiveCfg = Debug|Any CPU
		{5482853D-4CCA-483A-946B-BF1A0A34DB9D}.Debug|Any CPU.Build.0 = Debug|Any CPU
		{5482853D-4CCA-483A-946B-BF1A0A34DB9D}.Release|Any CPU.ActiveCfg = Release|Any CPU
		{5482853D-4CCA-483A-946B-BF1A0A34DB9D}.Release|Any CPU.Build.0 = Release|Any CPU
		{1469516B-280A-4D83-A006-A14E15543F67}.Debug|Any CPU.ActiveCfg = Debug|Any CPU
		{1469516B-280A-4D83-A006-A14E15543F67}.Debug|Any CPU.Build.0 = Debug|Any CPU
		{1469516B-280A-4D83-A006-A14E15543F67}.Release|Any CPU.ActiveCfg = Release|Any CPU
		{1469516B-280A-4D83-A006-A14E15543F67}.Release|Any CPU.Build.0 = Release|Any CPU
	EndGlobalSection
	GlobalSection(SolutionProperties) = preSolution
		HideSolutionNode = FALSE
	EndGlobalSection
	GlobalSection(NestedProjects) = preSolution
		{50B60814-17EE-46A7-98B9-0C34ABF9ECAF} = {36D591C7-65C7-A0D1-1CBC-10CDE441BDC8}
		{1A117674-084A-7080-139F-8CBDA402C3C5} = {36D591C7-65C7-A0D1-1CBC-10CDE441BDC8}
		{93FCD28F-55CE-4BE2-AF30-23759F9F884D} = {36D591C7-65C7-A0D1-1CBC-10CDE441BDC8}
		{947DF33A-7D43-446C-A393-635E0840DD44} = {36D591C7-65C7-A0D1-1CBC-10CDE441BDC8}
		{03789941-5C5B-4036-98E3-F7CBBAA878A6} = {36D591C7-65C7-A0D1-1CBC-10CDE441BDC8}
		{5203A841-ECA5-4B2A-A878-179059E8EDF4} = {36D591C7-65C7-A0D1-1CBC-10CDE441BDC8}
		{B0F44F37-3748-D677-2DA7-C6003D9F6D1C} = {637C84E2-F43C-401F-8F05-A81D30B6462B}
		{4BE5470C-78C8-492A-B672-909B4AF4FD20} = {637C84E2-F43C-401F-8F05-A81D30B6462B}
		{F2A22B47-BDB8-44F0-BA59-D0B4F05371F4} = {637C84E2-F43C-401F-8F05-A81D30B6462B}
		{33468F15-9892-4A41-83FC-2ED2C53C5756} = {637C84E2-F43C-401F-8F05-A81D30B6462B}
		{8025295E-C7B8-4A9A-940C-5D5E503F0988} = {637C84E2-F43C-401F-8F05-A81D30B6462B}
		{5482853D-4CCA-483A-946B-BF1A0A34DB9D} = {637C84E2-F43C-401F-8F05-A81D30B6462B}
		{1469516B-280A-4D83-A006-A14E15543F67} = {73EF7618-3469-4209-92B7-664D6DED276E}
	EndGlobalSection
	GlobalSection(ExtensibilityGlobals) = postSolution
		SolutionGuid = {5A512C77-FEA7-492B-9D15-52E88AD20230}
	EndGlobalSection
EndGlobal
